PODS:
  - SDWebImage (5.6.1):
    - SDWebImage/Core (= 5.6.1)
  - SDWebImage/Core (5.6.1)

DEPENDENCIES:
  - SDWebImage (~> 5.0)

SPEC REPOS:
  trunk:
    - SDWebImage

SPEC CHECKSUMS:
  SDWebImage: 7edb9c3ea661e77a66661f7f044de8c1b55d1120

PODFILE CHECKSUM: 7c8c73e41ef6557864e440174619d605af87a1bb

COCOAPODS: 1.9.1
